
Microsoft Visual Studio Solution File, Format Version 12.00
# Visual Studio Version 16
VisualStudioVersion = 16.0.31605.320
MinimumVisualStudioVersion = 10.0.40219.1
Project("{FAE04EC0-301F-11D3-BF4B-00C04F79EFBC}") = "Day2", "Day2\Day2.csproj", "{C6E6057E-2BD5-4691-85FD-F053EBD9A07A}"
EndProject
Global
	GlobalSection(SolutionConfigurationPlatforms) = preSolution
		Debug|Any CPU = Debug|Any CPU
		Release|Any CPU = Release|Any CPU
	EndGlobalSection
	GlobalSection(ProjectConfigurationPlatforms) = postSolution
		{C6E6057E-2BD5-4691-85FD-F053EBD9A07A}.Debug|Any CPU.ActiveCfg = Debug|Any CPU
		{C6E6057E-2BD5-4691-85FD-F053EBD9A07A}.Debug|Any CPU.Build.0 = Debug|Any CPU
		{C6E6057E-2BD5-4691-85FD-F053EBD9A07A}.Release|Any CPU.ActiveCfg = Release|Any CPU
		{C6E6057E-2BD5-4691-85FD-F053EBD9A07A}.Release|Any CPU.Build.0 = Release|Any CPU
	EndGlobalSection
	GlobalSection(SolutionProperties) = preSolution
		HideSolutionNode = FALSE
	EndGlobalSection
	GlobalSection(ExtensibilityGlobals) = postSolution
		SolutionGuid = {E3B52EF2-92FD-4F7A-BC30-769F7B798C1F}
	EndGlobalSection
EndGlobal
